
Microsoft Visual Studio Solution File, Format Version 12.00
# Visual Studio 15
VisualStudioVersion = 15.0.27703.2000
MinimumVisualStudioVersion = 10.0.40219.1
Project("{FAE04EC0-301F-11D3-BF4B-00C04F79EFBC}") = "SammysAuto", "SammysAuto\SammysAuto.csproj", "{02C12E77-3CF0-4F84-BC4D-DC0CED81189B}"
EndProject
Global
	GlobalSection(SolutionConfigurationPlatforms) = preSolution
		Debug|Any CPU = Debug|Any CPU
		Release|Any CPU = Release|Any CPU
	EndGlobalSection
	GlobalSection(ProjectConfigurationPlatforms) = postSolution
		{02C12E77-3CF0-4F84-BC4D-DC0CED81189B}.Debug|Any CPU.ActiveCfg = Debug|Any CPU
		{02C12E77-3CF0-4F84-BC4D-DC0CED81189B}.Debug|Any CPU.Build.0 = Debug|Any CPU
		{02C12E77-3CF0-4F84-BC4D-DC0CED81189B}.Release|Any CPU.ActiveCfg = Release|Any CPU
		{02C12E77-3CF0-4F84-BC4D-DC0CED81189B}.Release|Any CPU.Build.0 = Release|Any CPU
	EndGlobalSection
	GlobalSection(SolutionProperties) = preSolution
		HideSolutionNode = FALSE
	EndGlobalSection
	GlobalSection(ExtensibilityGlobals) = postSolution
		SolutionGuid = {46FA7A22-571D-43E2-AB5D-A21378E3C158}
	EndGlobalSection
EndGlobal
